github.com/trriplejay/simple-sms-go v0.0.0-20250403182002-275a03d44bad h1:sQy6u20VzW9p26UBzkMZzaMW4bKu7QUVb7FL2J7mw/M=
github.com/trriplejay/simple-sms-go v0.0.0-20250403182002-275a03d44bad/go.mod h1:Svc1rypmWANjnDLqoU/Ut4kQ161PU+hBVyP8HAnUCvI=
github.com/trriplejay/simple-sms-go v0.0.0-20250403184237-966bdeb5d384 h1:6Z+hu3YnPhn2EEXPMhjEwdJzXdlDq4f9PfL4YKd+bKg=
github.com/trriplejay/simple-sms-go v0.0.0-20250403184237-966bdeb5d384/go.mod h1:Svc1rypmWANjnDLqoU/Ut4kQ161PU+hBVyP8HAnUCvI=
